// !$*UTF8*$!
{
	archiveVersion = 1;
	classes = {
	};
	objectVersion = 46;
	objects = {

/* Begin PBXBuildFile section */
		8F1F877D1B1F75CB00B77277 /* AppDelegate.swift in Sources */ = {isa = PBXBuildFile; fileRef = 8F1F877C1B1F75CB00B77277 /* AppDelegate.swift */; };
		8F1F87801B1F75CB00B77277 /* DesafioCoreDataSplitView.xcdatamodeld in Sources */ = {isa = PBXBuildFile; fileRef = 8F1F877E1B1F75CB00B77277 /* DesafioCoreDataSplitView.xcdatamodeld */; };
		8F1F87851B1F75CB00B77277 /* Main.storyboard in Resources */ = {isa = PBXBuildFile; fileRef = 8F1F87831B1F75CB00B77277 /* Main.storyboard */; };
		8F1F87871B1F75CB00B77277 /* Images.xcassets in Resources */ = {isa = PBXBuildFile; fileRef = 8F1F87861B1F75CB00B77277 /* Images.xcassets */; };
		8F1F878A1B1F75CB00B77277 /* LaunchScreen.xib in Resources */ = {isa = PBXBuildFile; fileRef = 8F1F87881B1F75CB00B77277 /* LaunchScreen.xib */; };
		8F1F87961B1F75CB00B77277 /* DesafioCoreDataSplitViewTests.swift in Sources */ = {isa = PBXBuildFile; fileRef = 8F1F87951B1F75CB00B77277 /* DesafioCoreDataSplitViewTests.swift */; };
		8F1F87A01B1F772900B77277 /* StoryboardiPad.storyboard in Resources */ = {isa = PBXBuildFile; fileRef = 8F1F879F1B1F772900B77277 /* StoryboardiPad.storyboard */; };
		8F1F87A21B1F7C6600B77277 /* MarcasTableViewController.swift in Sources */ = {isa = PBXBuildFile; fileRef = 8F1F87A11B1F7C6600B77277 /* MarcasTableViewController.swift */; };
		8F1F87A41B1F7C7100B77277 /* CarrosTableViewController.swift in Sources */ = {isa = PBXBuildFile; fileRef = 8F1F87A31B1F7C7100B77277 /* CarrosTableViewController.swift */; };
		8F1F87A61B1F7C7B00B77277 /* ClientesTableViewController.swift in Sources */ = {isa = PBXBuildFile; fileRef = 8F1F87A51B1F7C7B00B77277 /* ClientesTableViewController.swift */; };
		8F1F87A81B1F835600B77277 /* NovoClienteViewController.swift in Sources */ = {isa = PBXBuildFile; fileRef = 8F1F87A71B1F835600B77277 /* NovoClienteViewController.swift */; };
		8F1F87AA1B1F861C00B77277 /* NovaMarcaViewController.swift in Sources */ = {isa = PBXBuildFile; fileRef = 8F1F87A91B1F861C00B77277 /* NovaMarcaViewController.swift */; };
		8F1F87AC1B1F863000B77277 /* NovoCarroViewController.swift in Sources */ = {isa = PBXBuildFile; fileRef = 8F1F87AB1B1F863000B77277 /* NovoCarroViewController.swift */; };
/* End PBXBuildFile section */

/* Begin PBXContainerItemProxy section */
		8F1F87901B1F75CB00B77277 /* PBXContainerItemProxy */ = {
			isa = PBXContainerItemProxy;
			containerPortal = 8F1F876F1B1F75CB00B77277 /* Project object */;
			proxyType = 1;
			remoteGlobalIDString = 8F1F87761B1F75CB00B77277;
			remoteInfo = DesafioCoreDataSplitView;
		};
/* End PBXContainerItemProxy section */

/* Begin PBXFileReference section */
		8F1F87771B1F75CB00B77277 /* DesafioCoreDataSplitView.app */ = {isa = PBXFileReference; explicitFileType = wrapper.application; includeInIndex = 0; path = DesafioCoreDataSplitView.app; sourceTree = BUILT_PRODUCTS_DIR; };
		8F1F877B1B1F75CB00B77277 /* Info.plist */ = {isa = PBXFileReference; lastKnownFileType = text.plist.xml; path = Info.plist; sourceTree = "<group>"; };
		8F1F877C1B1F75CB00B77277 /* AppDelegate.swift */ = {isa = PBXFileReference; lastKnownFileType = sourcecode.swift; path = AppDelegate.swift; sourceTree = "<group>"; };
		8F1F877F1B1F75CB00B77277 /* DesafioCoreDataSplitView.xcdatamodel */ = {isa = PBXFileReference; lastKnownFileType = wrapper.xcdatamodel; path = DesafioCoreDataSplitView.xcdatamodel; sourceTree = "<group>"; };
		8F1F87841B1F75CB00B77277 /* Base */ = {isa = PBXFileReference; lastKnownFileType = file.storyboard; name = Base; path = Base.lproj/Main.storyboard; sourceTree = "<group>"; };
		8F1F87861B1F75CB00B77277 /* Images.xcassets */ = {isa = PBXFileReference; lastKnownFileType = folder.assetcatalog; path = Images.xcassets; sourceTree = "<group>"; };
		8F1F87891B1F75CB00B77277 /* Base */ = {isa = PBXFileReference; lastKnownFileType = file.xib; name = Base; path = Base.lproj/LaunchScreen.xib; sourceTree = "<group>"; };
		8F1F878F1B1F75CB00B77277 /* DesafioCoreDataSplitViewTests.xctest */ = {isa = PBXFileReference; explicitFileType = wrapper.cfbundle; includeInIndex = 0; path = DesafioCoreDataSplitViewTests.xctest; sourceTree = BUILT_PRODUCTS_DIR; };
		8F1F87941B1F75CB00B77277 /* Info.plist */ = {isa = PBXFileReference; lastKnownFileType = text.plist.xml; path = Info.plist; sourceTree = "<group>"; };
		8F1F87951B1F75CB00B77277 /* DesafioCoreDataSplitViewTests.swift */ = {isa = PBXFileReference; lastKnownFileType = sourcecode.swift; path = DesafioCoreDataSplitViewTests.swift; sourceTree = "<group>"; };
		8F1F879F1B1F772900B77277 /* StoryboardiPad.storyboard */ = {isa = PBXFileReference; fileEncoding = 4; lastKnownFileType = file.storyboard; path = StoryboardiPad.storyboard; sourceTree = "<group>"; };
		8F1F87A11B1F7C6600B77277 /* MarcasTableViewController.swift */ = {isa = PBXFileReference; fileEncoding = 4; lastKnownFileType = sourcecode.swift; path = MarcasTableViewController.swift; sourceTree = "<group>"; };
		8F1F87A31B1F7C7100B77277 /* CarrosTableViewController.swift */ = {isa = PBXFileReference; fileEncoding = 4; lastKnownFileType = sourcecode.swift; path = CarrosTableViewController.swift; sourceTree = "<group>"; };
		8F1F87A51B1F7C7B00B77277 /* ClientesTableViewController.swift */ = {isa = PBXFileReference; fileEncoding = 4; lastKnownFileType = sourcecode.swift; path = ClientesTableViewController.swift; sourceTree = "<group>"; };
		8F1F87A71B1F835600B77277 /* NovoClienteViewController.swift */ = {isa = PBXFileReference; fileEncoding = 4; lastKnownFileType = sourcecode.swift; path = NovoClienteViewController.swift; sourceTree = "<group>"; };
		8F1F87A91B1F861C00B77277 /* NovaMarcaViewController.swift */ = {isa = PBXFileReference; fileEncoding = 4; lastKnownFileType = sourcecode.swift; path = NovaMarcaViewController.swift; sourceTree = "<group>"; };
		8F1F87AB1B1F863000B77277 /* NovoCarroViewController.swift */ = {isa = PBXFileReference; fileEncoding = 4; lastKnownFileType = sourcecode.swift; path = NovoCarroViewController.swift; sourceTree = "<group>"; };
/* End PBXFileReference section */

/* Begin PBXFrameworksBuildPhase section */
		8F1F87741B1F75CB00B77277 /* Frameworks */ = {
			isa = PBXFrameworksBuildPhase;
			buildActionMask = 2147483647;
			files = (
			);
			runOnlyForDeploymentPostprocessing = 0;
		};
		8F1F878C1B1F75CB00B77277 /* Frameworks */ = {
			isa = PBXFrameworksBuildPhase;
			buildActionMask = 2147483647;
			files = (
			);
			runOnlyForDeploymentPostprocessing = 0;
		};
/* End PBXFrameworksBuildPhase section */

/* Begin PBXGroup section */
		8F1F876E1B1F75CB00B77277 = {
			isa = PBXGroup;
			children = (
				8F1F87791B1F75CB00B77277 /* DesafioCoreDataSplitView */,
				8F1F87921B1F75CB00B77277 /* DesafioCoreDataSplitViewTests */,
				8F1F87781B1F75CB00B77277 /* Products */,
			);
			sourceTree = "<group>";
		};
		8F1F87781B1F75CB00B77277 /* Products */ = {
			isa = PBXGroup;
			children = (
				8F1F87771B1F75CB00B77277 /* DesafioCoreDataSplitView.app */,
				8F1F878F1B1F75CB00B77277 /* DesafioCoreDataSplitViewTests.xctest */,
			);
			name = Products;
			sourceTree = "<group>";
		};
		8F1F87791B1F75CB00B77277 /* DesafioCoreDataSplitView */ = {
			isa = PBXGroup;
			children = (
				8F1F877C1B1F75CB00B77277 /* AppDelegate.swift */,
				8F1F879F1B1F772900B77277 /* StoryboardiPad.storyboard */,
				8F1F87831B1F75CB00B77277 /* Main.storyboard */,
				8F1F87A11B1F7C6600B77277 /* MarcasTableViewController.swift */,
				8F1F87A31B1F7C7100B77277 /* CarrosTableViewController.swift */,
				8F1F87A51B1F7C7B00B77277 /* ClientesTableViewController.swift */,
				8F1F87A91B1F861C00B77277 /* NovaMarcaViewController.swift */,
				8F1F87A71B1F835600B77277 /* NovoClienteViewController.swift */,
				8F1F87AB1B1F863000B77277 /* NovoCarroViewController.swift */,
				8F1F87861B1F75CB00B77277 /* Images.xcassets */,
				8F1F87881B1F75CB00B77277 /* LaunchScreen.xib */,
				8F1F877E1B1F75CB00B77277 /* DesafioCoreDataSplitView.xcdatamodeld */,
				8F1F877A1B1F75CB00B77277 /* Supporting Files */,
			);
			path = DesafioCoreDataSplitView;
			sourceTree = "<group>";
		};
		8F1F877A1B1F75CB00B77277 /* Supporting Files */ = {
			isa = PBXGroup;
			children = (
				8F1F877B1B1F75CB00B77277 /* Info.plist */,
			);
			name = "Supporting Files";
			sourceTree = "<group>";
		};
		8F1F87921B1F75CB00B77277 /* DesafioCoreDataSplitViewTests */ = {
			isa = PBXGroup;
			children = (
				8F1F87951B1F75CB00B77277 /* DesafioCoreDataSplitViewTests.swift */,
				8F1F87931B1F75CB00B77277 /* Supporting Files */,
			);
			path = DesafioCoreDataSplitViewTests;
			sourceTree = "<group>";
		};
		8F1F87931B1F75CB00B77277 /* Supporting Files */ = {
			isa = PBXGroup;
			children = (
				8F1F87941B1F75CB00B77277 /* Info.plist */,
			);
			name = "Supporting Files";
			sourceTree = "<group>";
		};
/* End PBXGroup section */

/* Begin PBXNativeTarget section */
		8F1F87761B1F75CB00B77277 /* DesafioCoreDataSplitView */ = {
			isa = PBXNativeTarget;
			buildConfigurationList = 8F1F87991B1F75CB00B77277 /* Build configuration list for PBXNativeTarget "DesafioCoreDataSplitView" */;
			buildPhases = (
				8F1F87731B1F75CB00B77277 /* Sources */,
				8F1F87741B1F75CB00B77277 /* Frameworks */,
				8F1F87751B1F75CB00B77277 /* Resources */,
			);
			buildRules = (
			);
			dependencies = (
			);
			name = DesafioCoreDataSplitView;
			productName = DesafioCoreDataSplitView;
			productReference = 8F1F87771B1F75CB00B77277 /* DesafioCoreDataSplitView.app */;
			productType = "com.apple.product-type.application";
		};
		8F1F878E1B1F75CB00B77277 /* DesafioCoreDataSplitViewTests */ = {
			isa = PBXNativeTarget;
			buildConfigurationList = 8F1F879C1B1F75CB00B77277 /* Build configuration list for PBXNativeTarget "DesafioCoreDataSplitViewTests" */;
			buildPhases = (
				8F1F878B1B1F75CB00B77277 /* Sources */,
				8F1F878C1B1F75CB00B77277 /* Frameworks */,
				8F1F878D1B1F75CB00B77277 /* Resources */,
			);
			buildRules = (
			);
			dependencies = (
				8F1F87911B1F75CB00B77277 /* PBXTargetDependency */,
			);
			name = DesafioCoreDataSplitViewTests;
			productName = DesafioCoreDataSplitViewTests;
			productReference = 8F1F878F1B1F75CB00B77277 /* DesafioCoreDataSplitViewTests.xctest */;
			productType = "com.apple.product-type.bundle.unit-test";
		};
/* End PBXNativeTarget section */

/* Begin PBXProject section */
		8F1F876F1B1F75CB00B77277 /* Project object */ = {
			isa = PBXProject;
			attributes = {
				LastUpgradeCheck = 0630;
				ORGANIZATIONNAME = "Caique de Paula Pereira";
				TargetAttributes = {
					8F1F87761B1F75CB00B77277 = {
						CreatedOnToolsVersion = 6.3.2;
					};
					8F1F878E1B1F75CB00B77277 = {
						CreatedOnToolsVersion = 6.3.2;
						TestTargetID = 8F1F87761B1F75CB00B77277;
					};
				};
			};
			buildConfigurationList = 8F1F87721B1F75CB00B77277 /* Build configuration list for PBXProject "DesafioCoreDataSplitView" */;
			compatibilityVersion = "Xcode 3.2";
			developmentRegion = English;
			hasScannedForEncodings = 0;
			knownRegions = (
				en,
				Base,
			);
			mainGroup = 8F1F876E1B1F75CB00B77277;
			productRefGroup = 8F1F87781B1F75CB00B77277 /* Products */;
			projectDirPath = "";
			projectRoot = "";
			targets = (
				8F1F87761B1F75CB00B77277 /* DesafioCoreDataSplitView */,
				8F1F878E1B1F75CB00B77277 /* DesafioCoreDataSplitViewTests */,
			);
		};
/* End PBXProject section */

/* Begin PBXResourcesBuildPhase section */
		8F1F87751B1F75CB00B77277 /* Resources */ = {
			isa = PBXResourcesBuildPhase;
			buildActionMask = 2147483647;
			files = (
				8F1F87851B1F75CB00B77277 /* Main.storyboard in Resources */,
				8F1F878A1B1F75CB00B77277 /* LaunchScreen.xib in Resources */,
				8F1F87871B1F75CB00B77277 /* Images.xcassets in Resources */,
				8F1F87A01B1F772900B77277 /* StoryboardiPad.storyboard in Resources */,
			);
			runOnlyForDeploymentPostprocessing = 0;
		};
		8F1F878D1B1F75CB00B77277 /* Resources */ = {
			isa = PBXResourcesBuildPhase;
			buildActionMask = 2147483647;
			files = (
			);
			runOnlyForDeploymentPostprocessing = 0;
		};
/* End PBXResourcesBuildPhase section */

/* Begin PBXSourcesBuildPhase section */
		8F1F87731B1F75CB00B77277 /* Sources */ = {
			isa = PBXSourcesBuildPhase;
			buildActionMask = 2147483647;
			files = (
				8F1F87AC1B1F863000B77277 /* NovoCarroViewController.swift in Sources */,
				8F1F87A21B1F7C6600B77277 /* MarcasTableViewController.swift in Sources */,
				8F1F87A81B1F835600B77277 /* NovoClienteViewController.swift in Sources */,
				8F1F87A61B1F7C7B00B77277 /* ClientesTableViewController.swift in Sources */,
				8F1F87801B1F75CB00B77277 /* DesafioCoreDataSplitView.xcdatamodeld in Sources */,
				8F1F877D1B1F75CB00B77277 /* AppDelegate.swift in Sources */,
				8F1F87A41B1F7C7100B77277 /* CarrosTableViewController.swift in Sources */,
				8F1F87AA1B1F861C00B77277 /* NovaMarcaViewController.swift in Sources */,
			);
			runOnlyForDeploymentPostprocessing = 0;
		};
		8F1F878B1B1F75CB00B77277 /* Sources */ = {
			isa = PBXSourcesBuildPhase;
			buildActionMask = 2147483647;
			files = (
				8F1F87961B1F75CB00B77277 /* DesafioCoreDataSplitViewTests.swift in Sources */,
			);
			runOnlyForDeploymentPostprocessing = 0;
		};
/* End PBXSourcesBuildPhase section */

/* Begin PBXTargetDependency section */
		8F1F87911B1F75CB00B77277 /* PBXTargetDependency */ = {
			isa = PBXTargetDependency;
			target = 8F1F87761B1F75CB00B77277 /* DesafioCoreDataSplitView */;
			targetProxy = 8F1F87901B1F75CB00B77277 /* PBXContainerItemProxy */;
		};
/* End PBXTargetDependency section */

/* Begin PBXVariantGroup section */
		8F1F87831B1F75CB00B77277 /* Main.storyboard */ = {
			isa = PBXVariantGroup;
			children = (
				8F1F87841B1F75CB00B77277 /* Base */,
			);
			name = Main.storyboard;
			sourceTree = "<group>";
		};
		8F1F87881B1F75CB00B77277 /* LaunchScreen.xib */ = {
			isa = PBXVariantGroup;
			children = (
				8F1F87891B1F75CB00B77277 /* Base */,
			);
			name = LaunchScreen.xib;
			sourceTree = "<group>";
		};
/* End PBXVariantGroup section */

/* Begin XCBuildConfiguration section */
		8F1F87971B1F75CB00B77277 /* Debug */ = {
			isa = XCBuildConfiguration;
			buildSettings = {
				ALWAYS_SEARCH_USER_PATHS = NO;
				CLANG_CXX_LANGUAGE_STANDARD = "gnu++0x";
				CLANG_CXX_LIBRARY = "libc++";
				CLANG_ENABLE_MODULES = YES;
				CLANG_ENABLE_OBJC_ARC = YES;
				CLANG_WARN_BOOL_CONVERSION = YES;
				CLANG_WARN_CONSTANT_CONVERSION = YES;
				CLANG_WARN_DIRECT_OBJC_ISA_USAGE = YES_ERROR;
				CLANG_WARN_EMPTY_BODY = YES;
				CLANG_WARN_ENUM_CONVERSION = YES;
				CLANG_WARN_INT_CONVERSION = YES;
				CLANG_WARN_OBJC_ROOT_CLASS = YES_ERROR;
				CLANG_WARN_UNREACHABLE_CODE = YES;
				CLANG_WARN__DUPLICATE_METHOD_MATCH = YES;
				"CODE_SIGN_IDENTITY[sdk=iphoneos*]" = "iPhone Developer";
				COPY_PHASE_STRIP = NO;
				DEBUG_INFORMATION_FORMAT = "dwarf-with-dsym";
				ENABLE_STRICT_OBJC_MSGSEND = YES;
				GCC_C_LANGUAGE_STANDARD = gnu99;
				GCC_DYNAMIC_NO_PIC = NO;
				GCC_NO_COMMON_BLOCKS = YES;
				GCC_OPTIMIZATION_LEVEL = 0;
				GCC_PREPROCESSOR_DEFINITIONS = (
					"DEBUG=1",
					"$(inherited)",
				);
				GCC_SYMBOLS_PRIVATE_EXTERN = NO;
				GCC_WARN_64_TO_32_BIT_CONVERSION = YES;
				GCC_WARN_ABOUT_RETURN_TYPE = YES_ERROR;
				GCC_WARN_UNDECLARED_SELECTOR = YES;
				GCC_WARN_UNINITIALIZED_AUTOS = YES_AGGRESSIVE;
				GCC_WARN_UNUSED_FUNCTION = YES;
				GCC_WARN_UNUSED_VARIABLE = YES;
				IPHONEOS_DEPLOYMENT_TARGET = 8.3;
				MTL_ENABLE_DEBUG_INFO = YES;
				ONLY_ACTIVE_ARCH = YES;
				SDKROOT = iphoneos;
				SWIFT_OPTIMIZATION_LEVEL = "-Onone";
				TARGETED_DEVICE_FAMILY = "1,2";
			};
			name = Debug;
		};
		8F1F87981B1F75CB00B77277 /* Release */ = {
			isa = XCBuildConfiguration;
			buildSettings = {
				ALWAYS_SEARCH_USER_PATHS = NO;
				CLANG_CXX_LANGUAGE_STANDARD = "gnu++0x";
				CLANG_CXX_LIBRARY = "libc++";
				CLANG_ENABLE_MODULES = YES;
				CLANG_ENABLE_OBJC_ARC = YES;
				CLANG_WARN_BOOL_CONVERSION = YES;
				CLANG_WARN_CONSTANT_CONVERSION = YES;
				CLANG_WARN_DIRECT_OBJC_ISA_USAGE = YES_ERROR;
				CLANG_WARN_EMPTY_BODY = YES;
				CLANG_WARN_ENUM_CONVERSION = YES;
				CLANG_WARN_INT_CONVERSION = YES;
				CLANG_WARN_OBJC_ROOT_CLASS = YES_ERROR;
				CLANG_WARN_UNREACHABLE_CODE = YES;
				CLANG_WARN__DUPLICATE_METHOD_MATCH = YES;
				"CODE_SIGN_IDENTITY[sdk=iphoneos*]" = "iPhone Developer";
				COPY_PHASE_STRIP = NO;
				DEBUG_INFORMATION_FORMAT = "dwarf-with-dsym";
				ENABLE_NS_ASSERTIONS = NO;
				ENABLE_STRICT_OBJC_MSGSEND = YES;
				GCC_C_LANGUAGE_STANDARD = gnu99;
				GCC_NO_COMMON_BLOCKS = YES;
				GCC_WARN_64_TO_32_BIT_CONVERSION = YES;
				GCC_WARN_ABOUT_RETURN_TYPE = YES_ERROR;
				GCC_WARN_UNDECLARED_SELECTOR = YES;
				GCC_WARN_UNINITIALIZED_AUTOS = YES_AGGRESSIVE;
				GCC_WARN_UNUSED_FUNCTION = YES;
				GCC_WARN_UNUSED_VARIABLE = YES;
				IPHONEOS_DEPLOYMENT_TARGET = 8.3;
				MTL_ENABLE_DEBUG_INFO = NO;
				SDKROOT = iphoneos;
				TARGETED_DEVICE_FAMILY = "1,2";
				VALIDATE_PRODUCT = YES;
			};
			name = Release;
		};
		8F1F879A1B1F75CB00B77277 /* Debug */ = {
			isa = XCBuildConfiguration;
			buildSettings = {
				ASSETCATALOG_COMPILER_APPICON_NAME = AppIcon;
				INFOPLIST_FILE = DesafioCoreDataSplitView/Info.plist;
				LD_RUNPATH_SEARCH_PATHS = "$(inherited) @executable_path/Frameworks";
				PRODUCT_NAME = "$(TARGET_NAME)";
			};
			name = Debug;
		};
		8F1F879B1B1F75CB00B77277 /* Release */ = {
			isa = XCBuildConfiguration;
			buildSettings = {
				ASSETCATALOG_COMPILER_APPICON_NAME = AppIcon;
				INFOPLIST_FILE = DesafioCoreDataSplitView/Info.plist;
				LD_RUNPATH_SEARCH_PATHS = "$(inherited) @executable_path/Frameworks";
				PRODUCT_NAME = "$(TARGET_NAME)";
			};
			name = Release;
		};
		8F1F879D1B1F75CB00B77277 /* Debug */ = {
			isa = XCBuildConfiguration;
			buildSettings = {
				BUNDLE_LOADER = "$(TEST_HOST)";
				FRAMEWORK_SEARCH_PATHS = (
					"$(SDKROOT)/Developer/Library/Frameworks",
					"$(inherited)",
				);
				GCC_PREPROCESSOR_DEFINITIONS = (
					"DEBUG=1",
					"$(inherited)",
				);
				INFOPLIST_FILE = DesafioCoreDataSplitViewTests/Info.plist;
				LD_RUNPATH_SEARCH_PATHS = "$(inherited) @executable_path/Frameworks @loader_path/Frameworks";
				PRODUCT_NAME = "$(TARGET_NAME)";
				TEST_HOST = "$(BUILT_PRODUCTS_DIR)/DesafioCoreDataSplitView.app/DesafioCoreDataSplitView";
			};
			name = Debug;
		};
		8F1F879E1B1F75CB00B77277 /* Release */ = {
			isa = XCBuildConfiguration;
			buildSettings = {
				BUNDLE_LOADER = "$(TEST_HOST)";
				FRAMEWORK_SEARCH_PATHS = (
					"$(SDKROOT)/Developer/Library/Frameworks",
					"$(inherited)",
				);
				INFOPLIST_FILE = DesafioCoreDataSplitViewTests/Info.plist;
				LD_RUNPATH_SEARCH_PATHS = "$(inherited) @executable_path/Frameworks @loader_path/Frameworks";
				PRODUCT_NAME = "$(TARGET_NAME)";
				TEST_HOST = "$(BUILT_PRODUCTS_DIR)/DesafioCoreDataSplitView.app/DesafioCoreDataSplitView";
			};
			name = Release;
		};
/* End XCBuildConfiguration section */

/* Begin XCConfigurationList section */
		8F1F87721B1F75CB00B77277 /* Build configuration list for PBXProject "DesafioCoreDataSplitView" */ = {
			isa = XCConfigurationList;
			buildConfigurations = (
				8F1F87971B1F75CB00B77277 /* Debug */,
				8F1F87981B1F75CB00B77277 /* Release */,
			);
			defaultConfigurationIsVisible = 0;
			defaultConfigurationName = Release;
		};
		8F1F87991B1F75CB00B77277 /* Build configuration list for PBXNativeTarget "DesafioCoreDataSplitView" */ = {
			isa = XCConfigurationList;
			buildConfigurations = (
				8F1F879A1B1F75CB00B77277 /* Debug */,
				8F1F879B1B1F75CB00B77277 /* Release */,
			);
			defaultConfigurationIsVisible = 0;
		};
		8F1F879C1B1F75CB00B77277 /* Build configuration list for PBXNativeTarget "DesafioCoreDataSplitViewTests" */ = {
			isa = XCConfigurationList;
			buildConfigurations = (
				8F1F879D1B1F75CB00B77277 /* Debug */,
				8F1F879E1B1F75CB00B77277 /* Release */,
			);
			defaultConfigurationIsVisible = 0;
		};
/* End XCConfigurationList section */

/* Begin XCVersionGroup section */
		8F1F877E1B1F75CB00B77277 /* DesafioCoreDataSplitView.xcdatamodeld */ = {
			isa = XCVersionGroup;
			children = (
				8F1F877F1B1F75CB00B77277 /* DesafioCoreDataSplitView.xcdatamodel */,
			);
			currentVersion = 8F1F877F1B1F75CB00B77277 /* DesafioCoreDataSplitView.xcdatamodel */;
			path = DesafioCoreDataSplitView.xcdatamodeld;
			sourceTree = "<group>";
			versionGroupType = wrapper.xcdatamodel;
		};
/* End XCVersionGroup section */
	};
	rootObject = 8F1F876F1B1F75CB00B77277 /* Project object */;
}
